// !$*UTF8*$!
{
	archiveVersion = 1;
	classes = {
	};
	objectVersion = 46;
	objects = {

/* Begin PBXBuildFile section */
		4F4471D61DFEAC7B00AAE37A /* csv.swift in Sources */ = {isa = PBXBuildFile; fileRef = 4F4471D51DFEAC7B00AAE37A /* csv.swift */; };
		4F4471DB1DFEC38200AAE37A /* pokemon.ttf in Resources */ = {isa = PBXBuildFile; fileRef = 4F4471DA1DFEC38200AAE37A /* pokemon.ttf */; };
		4F4471DD1DFEC38C00AAE37A /* Pokemon Hollow.ttf in Resources */ = {isa = PBXBuildFile; fileRef = 4F4471DC1DFEC38C00AAE37A /* Pokemon Hollow.ttf */; };
		4F4471DF1DFEC61800AAE37A /* music.mp3 in Resources */ = {isa = PBXBuildFile; fileRef = 4F4471DE1DFEC61800AAE37A /* music.mp3 */; };
		4F4471E11DFF938500AAE37A /* PokemonDetailVC.swift in Sources */ = {isa = PBXBuildFile; fileRef = 4F4471E01DFF938500AAE37A /* PokemonDetailVC.swift */; };
		4F8BE4801DFD408D0025D8F1 /* AppDelegate.swift in Sources */ = {isa = PBXBuildFile; fileRef = 4F8BE47F1DFD408D0025D8F1 /* AppDelegate.swift */; };
		4F8BE4821DFD408D0025D8F1 /* MainVC.swift in Sources */ = {isa = PBXBuildFile; fileRef = 4F8BE4811DFD408D0025D8F1 /* MainVC.swift */; };
		4F8BE4851DFD408D0025D8F1 /* Main.storyboard in Resources */ = {isa = PBXBuildFile; fileRef = 4F8BE4831DFD408D0025D8F1 /* Main.storyboard */; };
		4F8BE4871DFD408D0025D8F1 /* Assets.xcassets in Resources */ = {isa = PBXBuildFile; fileRef = 4F8BE4861DFD408D0025D8F1 /* Assets.xcassets */; };
		4F8BE48A1DFD408D0025D8F1 /* LaunchScreen.storyboard in Resources */ = {isa = PBXBuildFile; fileRef = 4F8BE4881DFD408D0025D8F1 /* LaunchScreen.storyboard */; };
		4F8BE4921DFDAE1A0025D8F1 /* pokemon.csv in Resources */ = {isa = PBXBuildFile; fileRef = 4F8BE4911DFDAE1A0025D8F1 /* pokemon.csv */; };
		4F8BE4951DFDAFB40025D8F1 /* Pokemon.swift in Sources */ = {isa = PBXBuildFile; fileRef = 4F8BE4941DFDAFB40025D8F1 /* Pokemon.swift */; };
		4FA01D221DFDB46C00687668 /* bg.jpg in Resources */ = {isa = PBXBuildFile; fileRef = 4FA01D211DFDB46C00687668 /* bg.jpg */; };
		4FF93B2B1DFFB4C600AE57B2 /* Constants.swift in Sources */ = {isa = PBXBuildFile; fileRef = 4FF93B2A1DFFB4C600AE57B2 /* Constants.swift */; };
		E1D9F6EF5D68AD59FE0E5902 /* Pods_Pokedex.framework in Frameworks */ = {isa = PBXBuildFile; fileRef = 7F02EA51DDCAD12FB32E97FC /* Pods_Pokedex.framework */; };
		EBF5A86D1DFE3CC000499BE9 /* PokeCell.swift in Sources */ = {isa = PBXBuildFile; fileRef = EBF5A86C1DFE3CC000499BE9 /* PokeCell.swift */; };
/* End PBXBuildFile section */

/* Begin PBXFileReference section */
		4F4471D51DFEAC7B00AAE37A /* csv.swift */ = {isa = PBXFileReference; fileEncoding = 4; lastKnownFileType = sourcecode.swift; path = csv.swift; sourceTree = "<group>"; };
		4F4471DA1DFEC38200AAE37A /* pokemon.ttf */ = {isa = PBXFileReference; lastKnownFileType = file; path = pokemon.ttf; sourceTree = "<group>"; };
		4F4471DC1DFEC38C00AAE37A /* Pokemon Hollow.ttf */ = {isa = PBXFileReference; lastKnownFileType = file; path = "Pokemon Hollow.ttf"; sourceTree = "<group>"; };
		4F4471DE1DFEC61800AAE37A /* music.mp3 */ = {isa = PBXFileReference; lastKnownFileType = audio.mp3; path = music.mp3; sourceTree = "<group>"; };
		4F4471E01DFF938500AAE37A /* PokemonDetailVC.swift */ = {isa = PBXFileReference; fileEncoding = 4; lastKnownFileType = sourcecode.swift; path = PokemonDetailVC.swift; sourceTree = "<group>"; };
		4F8BE47C1DFD408D0025D8F1 /* Pokedex.app */ = {isa = PBXFileReference; explicitFileType = wrapper.application; includeInIndex = 0; path = Pokedex.app; sourceTree = BUILT_PRODUCTS_DIR; };
		4F8BE47F1DFD408D0025D8F1 /* AppDelegate.swift */ = {isa = PBXFileReference; lastKnownFileType = sourcecode.swift; path = AppDelegate.swift; sourceTree = "<group>"; };
		4F8BE4811DFD408D0025D8F1 /* MainVC.swift */ = {isa = PBXFileReference; lastKnownFileType = sourcecode.swift; path = MainVC.swift; sourceTree = "<group>"; };
		4F8BE4841DFD408D0025D8F1 /* Base */ = {isa = PBXFileReference; lastKnownFileType = file.storyboard; name = Base; path = Base.lproj/Main.storyboard; sourceTree = "<group>"; };
		4F8BE4861DFD408D0025D8F1 /* Assets.xcassets */ = {isa = PBXFileReference; lastKnownFileType = folder.assetcatalog; path = Assets.xcassets; sourceTree = "<group>"; };
		4F8BE4891DFD408D0025D8F1 /* Base */ = {isa = PBXFileReference; lastKnownFileType = file.storyboard; name = Base; path = Base.lproj/LaunchScreen.storyboard; sourceTree = "<group>"; };
		4F8BE48B1DFD408D0025D8F1 /* Info.plist */ = {isa = PBXFileReference; lastKnownFileType = text.plist.xml; path = Info.plist; sourceTree = "<group>"; };
		4F8BE4911DFDAE1A0025D8F1 /* pokemon.csv */ = {isa = PBXFileReference; fileEncoding = 4; lastKnownFileType = text; path = pokemon.csv; sourceTree = "<group>"; };
		4F8BE4941DFDAFB40025D8F1 /* Pokemon.swift */ = {isa = PBXFileReference; fileEncoding = 4; lastKnownFileType = sourcecode.swift; path = Pokemon.swift; sourceTree = "<group>"; };
		4FA01D211DFDB46C00687668 /* bg.jpg */ = {isa = PBXFileReference; lastKnownFileType = image.jpeg; path = bg.jpg; sourceTree = "<group>"; };
		4FF93B2A1DFFB4C600AE57B2 /* Constants.swift */ = {isa = PBXFileReference; fileEncoding = 4; lastKnownFileType = sourcecode.swift; path = Constants.swift; sourceTree = "<group>"; };
		7F02EA51DDCAD12FB32E97FC /* Pods_Pokedex.framework */ = {isa = PBXFileReference; explicitFileType = wrapper.framework; includeInIndex = 0; path = Pods_Pokedex.framework; sourceTree = BUILT_PRODUCTS_DIR; };
		AF38FAC38EA562860DD73176 /* Pods-Pokedex.debug.xcconfig */ = {isa = PBXFileReference; includeInIndex = 1; lastKnownFileType = text.xcconfig; name = "Pods-Pokedex.debug.xcconfig"; path = "Pods/Target Support Files/Pods-Pokedex/Pods-Pokedex.debug.xcconfig"; sourceTree = "<group>"; };
		CDE7EFCF8DFA23BBA16DFC07 /* Pods-Pokedex.release.xcconfig */ = {isa = PBXFileReference; includeInIndex = 1; lastKnownFileType = text.xcconfig; name = "Pods-Pokedex.release.xcconfig"; path = "Pods/Target Support Files/Pods-Pokedex/Pods-Pokedex.release.xcconfig"; sourceTree = "<group>"; };
		EBF5A86C1DFE3CC000499BE9 /* PokeCell.swift */ = {isa = PBXFileReference; fileEncoding = 4; lastKnownFileType = sourcecode.swift; path = PokeCell.swift; sourceTree = "<group>"; };
/* End PBXFileReference section */

/* Begin PBXFrameworksBuildPhase section */
		4F8BE4791DFD408D0025D8F1 /* Frameworks */ = {
			isa = PBXFrameworksBuildPhase;
			buildActionMask = 2147483647;
			files = (
				E1D9F6EF5D68AD59FE0E5902 /* Pods_Pokedex.framework in Frameworks */,
			);
			runOnlyForDeploymentPostprocessing = 0;
		};
/* End PBXFrameworksBuildPhase section */

/* Begin PBXGroup section */
		4F4471D71DFEB82200AAE37A /* Controller */ = {
			isa = PBXGroup;
			children = (
				4F8BE4811DFD408D0025D8F1 /* MainVC.swift */,
				4F4471E01DFF938500AAE37A /* PokemonDetailVC.swift */,
			);
			name = Controller;
			sourceTree = "<group>";
		};
		4F4471D81DFEB82700AAE37A /* Resources */ = {
			isa = PBXGroup;
			children = (
				4F4471DE1DFEC61800AAE37A /* music.mp3 */,
				4F4471DC1DFEC38C00AAE37A /* Pokemon Hollow.ttf */,
				4F4471DA1DFEC38200AAE37A /* pokemon.ttf */,
				4FA01D211DFDB46C00687668 /* bg.jpg */,
				4F8BE4911DFDAE1A0025D8F1 /* pokemon.csv */,
			);
			name = Resources;
			sourceTree = "<group>";
		};
		4F4471D91DFEB82D00AAE37A /* Utils */ = {
			isa = PBXGroup;
			children = (
				4FF93B2A1DFFB4C600AE57B2 /* Constants.swift */,
				4F4471D51DFEAC7B00AAE37A /* csv.swift */,
			);
			name = Utils;
			sourceTree = "<group>";
		};
		4F8BE4731DFD408D0025D8F1 = {
			isa = PBXGroup;
			children = (
				4F8BE47E1DFD408D0025D8F1 /* Pokedex */,
				4F8BE47D1DFD408D0025D8F1 /* Products */,
				772BF3F2032635FF12B15768 /* Pods */,
				FE188868512B7F67D7D34E4F /* Frameworks */,
			);
			sourceTree = "<group>";
		};
		4F8BE47D1DFD408D0025D8F1 /* Products */ = {
			isa = PBXGroup;
			children = (
				4F8BE47C1DFD408D0025D8F1 /* Pokedex.app */,
			);
			name = Products;
			sourceTree = "<group>";
		};
		4F8BE47E1DFD408D0025D8F1 /* Pokedex */ = {
			isa = PBXGroup;
			children = (
				4F8BE4931DFDAF8A0025D8F1 /* Model */,
				EBF5A86B1DFE3CA400499BE9 /* View */,
				4F4471D71DFEB82200AAE37A /* Controller */,
				4F4471D91DFEB82D00AAE37A /* Utils */,
				4F4471D81DFEB82700AAE37A /* Resources */,
				4F8BE4831DFD408D0025D8F1 /* Main.storyboard */,
				4F8BE47F1DFD408D0025D8F1 /* AppDelegate.swift */,
				4F8BE4861DFD408D0025D8F1 /* Assets.xcassets */,
				4F8BE4881DFD408D0025D8F1 /* LaunchScreen.storyboard */,
				4F8BE48B1DFD408D0025D8F1 /* Info.plist */,
			);
			path = Pokedex;
			sourceTree = "<group>";
		};
		4F8BE4931DFDAF8A0025D8F1 /* Model */ = {
			isa = PBXGroup;
			children = (
				4F8BE4941DFDAFB40025D8F1 /* Pokemon.swift */,
			);
			name = Model;
			sourceTree = "<group>";
		};
		772BF3F2032635FF12B15768 /* Pods */ = {
			isa = PBXGroup;
			children = (
				AF38FAC38EA562860DD73176 /* Pods-Pokedex.debug.xcconfig */,
				CDE7EFCF8DFA23BBA16DFC07 /* Pods-Pokedex.release.xcconfig */,
			);
			name = Pods;
			sourceTree = "<group>";
		};
		EBF5A86B1DFE3CA400499BE9 /* View */ = {
			isa = PBXGroup;
			children = (
				EBF5A86C1DFE3CC000499BE9 /* PokeCell.swift */,
			);
			name = View;
			sourceTree = "<group>";
		};
		FE188868512B7F67D7D34E4F /* Frameworks */ = {
			isa = PBXGroup;
			children = (
				7F02EA51DDCAD12FB32E97FC /* Pods_Pokedex.framework */,
			);
			name = Frameworks;
			sourceTree = "<group>";
		};
/* End PBXGroup section */

/* Begin PBXNativeTarget section */
		4F8BE47B1DFD408D0025D8F1 /* Pokedex */ = {
			isa = PBXNativeTarget;
			buildConfigurationList = 4F8BE48E1DFD408D0025D8F1 /* Build configuration list for PBXNativeTarget "Pokedex" */;
			buildPhases = (
				A5E96FE7A81C3EF095415080 /* [CP] Check Pods Manifest.lock */,
				4F8BE4781DFD408D0025D8F1 /* Sources */,
				4F8BE4791DFD408D0025D8F1 /* Frameworks */,
				4F8BE47A1DFD408D0025D8F1 /* Resources */,
				A96F5FB54FBC9DAC3C52086F /* [CP] Embed Pods Frameworks */,
				2794F92F84828300E726F9C0 /* [CP] Copy Pods Resources */,
			);
			buildRules = (
			);
			dependencies = (
			);
			name = Pokedex;
			productName = Pokedex;
			productReference = 4F8BE47C1DFD408D0025D8F1 /* Pokedex.app */;
			productType = "com.apple.product-type.application";
		};
/* End PBXNativeTarget section */

/* Begin PBXProject section */
		4F8BE4741DFD408D0025D8F1 /* Project object */ = {
			isa = PBXProject;
			attributes = {
				LastSwiftUpdateCheck = 0800;
				LastUpgradeCheck = 0800;
				ORGANIZATIONNAME = "DIGIGAMES INTERACTIVE";
				TargetAttributes = {
					4F8BE47B1DFD408D0025D8F1 = {
						CreatedOnToolsVersion = 8.0;
						LastSwiftMigration = 0800;
						ProvisioningStyle = Automatic;
					};
				};
			};
			buildConfigurationList = 4F8BE4771DFD408D0025D8F1 /* Build configuration list for PBXProject "Pokedex" */;
			compatibilityVersion = "Xcode 3.2";
			developmentRegion = English;
			hasScannedForEncodings = 0;
			knownRegions = (
				en,
				Base,
			);
			mainGroup = 4F8BE4731DFD408D0025D8F1;
			productRefGroup = 4F8BE47D1DFD408D0025D8F1 /* Products */;
			projectDirPath = "";
			projectRoot = "";
			targets = (
				4F8BE47B1DFD408D0025D8F1 /* Pokedex */,
			);
		};
/* End PBXProject section */

/* Begin PBXResourcesBuildPhase section */
		4F8BE47A1DFD408D0025D8F1 /* Resources */ = {
			isa = PBXResourcesBuildPhase;
			buildActionMask = 2147483647;
			files = (
				4F4471DF1DFEC61800AAE37A /* music.mp3 in Resources */,
				4FA01D221DFDB46C00687668 /* bg.jpg in Resources */,
				4F8BE48A1DFD408D0025D8F1 /* LaunchScreen.storyboard in Resources */,
				4F8BE4871DFD408D0025D8F1 /* Assets.xcassets in Resources */,
				4F4471DB1DFEC38200AAE37A /* pokemon.ttf in Resources */,
				4F8BE4921DFDAE1A0025D8F1 /* pokemon.csv in Resources */,
				4F8BE4851DFD408D0025D8F1 /* Main.storyboard in Resources */,
				4F4471DD1DFEC38C00AAE37A /* Pokemon Hollow.ttf in Resources */,
			);
			runOnlyForDeploymentPostprocessing = 0;
		};
/* End PBXResourcesBuildPhase section */

/* Begin PBXShellScriptBuildPhase section */
		2794F92F84828300E726F9C0 /* [CP] Copy Pods Resources */ = {
			isa = PBXShellScriptBuildPhase;
			buildActionMask = 2147483647;
			files = (
			);
			inputPaths = (
			);
			name = "[CP] Copy Pods Resources";
			outputPaths = (
			);
			runOnlyForDeploymentPostprocessing = 0;
			shellPath = /bin/sh;
			shellScript = "\"${SRCROOT}/Pods/Target Support Files/Pods-Pokedex/Pods-Pokedex-resources.sh\"\n";
			showEnvVarsInLog = 0;
		};
		A5E96FE7A81C3EF095415080 /* [CP] Check Pods Manifest.lock */ = {
			isa = PBXShellScriptBuildPhase;
			buildActionMask = 2147483647;
			files = (
			);
			inputPaths = (
			);
			name = "[CP] Check Pods Manifest.lock";
			outputPaths = (
			);
			runOnlyForDeploymentPostprocessing = 0;
			shellPath = /bin/sh;
			shellScript = "diff \"${PODS_ROOT}/../Podfile.lock\" \"${PODS_ROOT}/Manifest.lock\" > /dev/null\nif [ $? != 0 ] ; then\n    # print error to STDERR\n    echo \"error: The sandbox is not in sync with the Podfile.lock. Run 'pod install' or update your CocoaPods installation.\" >&2\n    exit 1\nfi\n";
			showEnvVarsInLog = 0;
		};
		A96F5FB54FBC9DAC3C52086F /* [CP] Embed Pods Frameworks */ = {
			isa = PBXShellScriptBuildPhase;
			buildActionMask = 2147483647;
			files = (
			);
			inputPaths = (
			);
			name = "[CP] Embed Pods Frameworks";
			outputPaths = (
			);
			runOnlyForDeploymentPostprocessing = 0;
			shellPath = /bin/sh;
			shellScript = "\"${SRCROOT}/Pods/Target Support Files/Pods-Pokedex/Pods-Pokedex-frameworks.sh\"\n";
			showEnvVarsInLog = 0;
		};
/* End PBXShellScriptBuildPhase section */

/* Begin PBXSourcesBuildPhase section */
		4F8BE4781DFD408D0025D8F1 /* Sources */ = {
			isa = PBXSourcesBuildPhase;
			buildActionMask = 2147483647;
			files = (
				EBF5A86D1DFE3CC000499BE9 /* PokeCell.swift in Sources */,
				4F8BE4821DFD408D0025D8F1 /* MainVC.swift in Sources */,
				4F8BE4801DFD408D0025D8F1 /* AppDelegate.swift in Sources */,
				4F4471E11DFF938500AAE37A /* PokemonDetailVC.swift in Sources */,
				4FF93B2B1DFFB4C600AE57B2 /* Constants.swift in Sources */,
				4F8BE4951DFDAFB40025D8F1 /* Pokemon.swift in Sources */,
				4F4471D61DFEAC7B00AAE37A /* csv.swift in Sources */,
			);
			runOnlyForDeploymentPostprocessing = 0;
		};
/* End PBXSourcesBuildPhase section */

/* Begin PBXVariantGroup section */
		4F8BE4831DFD408D0025D8F1 /* Main.storyboard */ = {
			isa = PBXVariantGroup;
			children = (
				4F8BE4841DFD408D0025D8F1 /* Base */,
			);
			name = Main.storyboard;
			sourceTree = "<group>";
		};
		4F8BE4881DFD408D0025D8F1 /* LaunchScreen.storyboard */ = {
			isa = PBXVariantGroup;
			children = (
				4F8BE4891DFD408D0025D8F1 /* Base */,
			);
			name = LaunchScreen.storyboard;
			sourceTree = "<group>";
		};
/* End PBXVariantGroup section */

/* Begin XCBuildConfiguration section */
		4F8BE48C1DFD408D0025D8F1 /* Debug */ = {
			isa = XCBuildConfiguration;
			buildSettings = {
				ALWAYS_SEARCH_USER_PATHS = NO;
				CLANG_ANALYZER_NONNULL = YES;
				CLANG_CXX_LANGUAGE_STANDARD = "gnu++0x";
				CLANG_CXX_LIBRARY = "libc++";
				CLANG_ENABLE_MODULES = YES;
				CLANG_ENABLE_OBJC_ARC = YES;
				CLANG_WARN_BOOL_CONVERSION = YES;
				CLANG_WARN_CONSTANT_CONVERSION = YES;
				CLANG_WARN_DIRECT_OBJC_ISA_USAGE = YES_ERROR;
				CLANG_WARN_DOCUMENTATION_COMMENTS = YES;
				CLANG_WARN_EMPTY_BODY = YES;
				CLANG_WARN_ENUM_CONVERSION = YES;
				CLANG_WARN_INFINITE_RECURSION = YES;
				CLANG_WARN_INT_CONVERSION = YES;
				CLANG_WARN_OBJC_ROOT_CLASS = YES_ERROR;
				CLANG_WARN_SUSPICIOUS_MOVES = YES;
				CLANG_WARN_UNREACHABLE_CODE = YES;
				CLANG_WARN__DUPLICATE_METHOD_MATCH = YES;
				"CODE_SIGN_IDENTITY[sdk=iphoneos*]" = "iPhone Developer";
				COPY_PHASE_STRIP = NO;
				DEBUG_INFORMATION_FORMAT = dwarf;
				ENABLE_STRICT_OBJC_MSGSEND = YES;
				ENABLE_TESTABILITY = YES;
				GCC_C_LANGUAGE_STANDARD = gnu99;
				GCC_DYNAMIC_NO_PIC = NO;
				GCC_NO_COMMON_BLOCKS = YES;
				GCC_OPTIMIZATION_LEVEL = 0;
				GCC_PREPROCESSOR_DEFINITIONS = (
					"DEBUG=1",
					"$(inherited)",
				);
				GCC_WARN_64_TO_32_BIT_CONVERSION = YES;
				GCC_WARN_ABOUT_RETURN_TYPE = YES_ERROR;
				GCC_WARN_UNDECLARED_SELECTOR = YES;
				GCC_WARN_UNINITIALIZED_AUTOS = YES_AGGRESSIVE;
				GCC_WARN_UNUSED_FUNCTION = YES;
				GCC_WARN_UNUSED_VARIABLE = YES;
				IPHONEOS_DEPLOYMENT_TARGET = 10.0;
				MTL_ENABLE_DEBUG_INFO = YES;
				ONLY_ACTIVE_ARCH = YES;
				SDKROOT = iphoneos;
				SWIFT_ACTIVE_COMPILATION_CONDITIONS = DEBUG;
				SWIFT_OPTIMIZATION_LEVEL = "-Onone";
			};
			name = Debug;
		};
		4F8BE48D1DFD408D0025D8F1 /* Release */ = {
			isa = XCBuildConfiguration;
			buildSettings = {
				ALWAYS_SEARCH_USER_PATHS = NO;
				CLANG_ANALYZER_NONNULL = YES;
				CLANG_CXX_LANGUAGE_STANDARD = "gnu++0x";
				CLANG_CXX_LIBRARY = "libc++";
				CLANG_ENABLE_MODULES = YES;
				CLANG_ENABLE_OBJC_ARC = YES;
				CLANG_WARN_BOOL_CONVERSION = YES;
				CLANG_WARN_CONSTANT_CONVERSION = YES;
				CLANG_WARN_DIRECT_OBJC_ISA_USAGE = YES_ERROR;
				CLANG_WARN_DOCUMENTATION_COMMENTS = YES;
				CLANG_WARN_EMPTY_BODY = YES;
				CLANG_WARN_ENUM_CONVERSION = YES;
				CLANG_WARN_INFINITE_RECURSION = YES;
				CLANG_WARN_INT_CONVERSION = YES;
				CLANG_WARN_OBJC_ROOT_CLASS = YES_ERROR;
				CLANG_WARN_SUSPICIOUS_MOVES = YES;
				CLANG_WARN_UNREACHABLE_CODE = YES;
				CLANG_WARN__DUPLICATE_METHOD_MATCH = YES;
				"CODE_SIGN_IDENTITY[sdk=iphoneos*]" = "iPhone Developer";
				COPY_PHASE_STRIP = NO;
				DEBUG_INFORMATION_FORMAT = "dwarf-with-dsym";
				ENABLE_NS_ASSERTIONS = NO;
				ENABLE_STRICT_OBJC_MSGSEND = YES;
				GCC_C_LANGUAGE_STANDARD = gnu99;
				GCC_NO_COMMON_BLOCKS = YES;
				GCC_WARN_64_TO_32_BIT_CONVERSION = YES;
				GCC_WARN_ABOUT_RETURN_TYPE = YES_ERROR;
				GCC_WARN_UNDECLARED_SELECTOR = YES;
				GCC_WARN_UNINITIALIZED_AUTOS = YES_AGGRESSIVE;
				GCC_WARN_UNUSED_FUNCTION = YES;
				GCC_WARN_UNUSED_VARIABLE = YES;
				IPHONEOS_DEPLOYMENT_TARGET = 10.0;
				MTL_ENABLE_DEBUG_INFO = NO;
				SDKROOT = iphoneos;
				SWIFT_OPTIMIZATION_LEVEL = "-Owholemodule";
				VALIDATE_PRODUCT = YES;
			};
			name = Release;
		};
		4F8BE48F1DFD408D0025D8F1 /* Debug */ = {
			isa = XCBuildConfiguration;
			baseConfigurationReference = AF38FAC38EA562860DD73176 /* Pods-Pokedex.debug.xcconfig */;
			buildSettings = {
				ASSETCATALOG_COMPILER_APPICON_NAME = AppIcon;
				INFOPLIST_FILE = Pokedex/Info.plist;
				LD_RUNPATH_SEARCH_PATHS = "$(inherited) @executable_path/Frameworks";
				PRODUCT_BUNDLE_IDENTIFIER = "com.digigames-interactive.Pokedex";
				PRODUCT_NAME = "$(TARGET_NAME)";
				SWIFT_VERSION = 3.0;
			};
			name = Debug;
		};
		4F8BE4901DFD408D0025D8F1 /* Release */ = {
			isa = XCBuildConfiguration;
			baseConfigurationReference = CDE7EFCF8DFA23BBA16DFC07 /* Pods-Pokedex.release.xcconfig */;
			buildSettings = {
				ASSETCATALOG_COMPILER_APPICON_NAME = AppIcon;
				INFOPLIST_FILE = Pokedex/Info.plist;
				LD_RUNPATH_SEARCH_PATHS = "$(inherited) @executable_path/Frameworks";
				PRODUCT_BUNDLE_IDENTIFIER = "com.digigames-interactive.Pokedex";
				PRODUCT_NAME = "$(TARGET_NAME)";
				SWIFT_VERSION = 3.0;
			};
			name = Release;
		};
/* End XCBuildConfiguration section */

/* Begin XCConfigurationList section */
		4F8BE4771DFD408D0025D8F1 /* Build configuration list for PBXProject "Pokedex" */ = {
			isa = XCConfigurationList;
			buildConfigurations = (
				4F8BE48C1DFD408D0025D8F1 /* Debug */,
				4F8BE48D1DFD408D0025D8F1 /* Release */,
			);
			defaultConfigurationIsVisible = 0;
			defaultConfigurationName = Release;
		};
		4F8BE48E1DFD408D0025D8F1 /* Build configuration list for PBXNativeTarget "Pokedex" */ = {
			isa = XCConfigurationList;
			buildConfigurations = (
				4F8BE48F1DFD408D0025D8F1 /* Debug */,
				4F8BE4901DFD408D0025D8F1 /* Release */,
			);
			defaultConfigurationIsVisible = 0;
			defaultConfigurationName = Release;
		};
/* End XCConfigurationList section */
	};
	rootObject = 4F8BE4741DFD408D0025D8F1 /* Project object */;
}
